
Microsoft Visual Studio Solution File, Format Version 12.00
# Visual Studio Version 16
VisualStudioVersion = 16.0.30114.105
MinimumVisualStudioVersion = 10.0.40219.1
Project("{9A19103F-16F7-4668-BE54-9A1E7A4F7556}") = "Zad4_11", "Zad4_11\Zad4_11.csproj", "{B8321E70-5893-4BC5-9392-DE4552E7EC60}"
EndProject
Project("{9A19103F-16F7-4668-BE54-9A1E7A4F7556}") = "zad4_15", "zad4_15\zad4_15.csproj", "{9F497F7D-AEAD-4BE2-9C78-B9EE5C63F9A3}"
EndProject
Project("{9A19103F-16F7-4668-BE54-9A1E7A4F7556}") = "zad4_10", "zad4_10\zad4_10.csproj", "{D68FD127-8495-4A13-93D0-FF9269B62F52}"
EndProject
Project("{9A19103F-16F7-4668-BE54-9A1E7A4F7556}") = "zad4_9", "zad4_9\zad4_9.csproj", "{5DD98515-3746-4D4C-AF58-9C47CD342DC4}"
EndProject
Project("{9A19103F-16F7-4668-BE54-9A1E7A4F7556}") = "zad4_8", "zad4_8\zad4_8.csproj", "{4F429B20-AB10-40F9-AEA7-841F3193D70B}"
EndProject
Project("{9A19103F-16F7-4668-BE54-9A1E7A4F7556}") = "zad4_4", "zad4_4\zad4_4.csproj", "{3DF4FCEB-1B1B-4DEC-ADDA-64E196BA1E24}"
EndProject
Project("{9A19103F-16F7-4668-BE54-9A1E7A4F7556}") = "zad4_3", "zad4_3\zad4_3.csproj", "{08A2624F-66AB-4A01-8F0A-C0A19F2BDEA7}"
EndProject
Project("{9A19103F-16F7-4668-BE54-9A1E7A4F7556}") = "zad4_2", "zad4_2\zad4_2.csproj", "{2A9E0A1D-4A58-4C40-8AF6-273697C55338}"
EndProject
Project("{9A19103F-16F7-4668-BE54-9A1E7A4F7556}") = "zad4_1", "zad4_1\zad4_1.csproj", "{A0723356-EB5F-4DBE-976D-E5B0EDBBE96E}"
EndProject
Project("{9A19103F-16F7-4668-BE54-9A1E7A4F7556}") = "zad4_5", "zad4_5\zad4_5.csproj", "{D153370D-D1FD-4EE3-9E00-82CCAF205AEC}"
EndProject
Project("{9A19103F-16F7-4668-BE54-9A1E7A4F7556}") = "Slimak", "Slimak\Slimak.csproj", "{5660C835-B1DB-4131-B861-5873C0494CFB}"
EndProject
Project("{9A19103F-16F7-4668-BE54-9A1E7A4F7556}") = "zad5_1", "zad5_1\zad5_1.csproj", "{01CF1F37-D972-4284-A0F8-F181C7ACB662}"
EndProject
Project("{9A19103F-16F7-4668-BE54-9A1E7A4F7556}") = "zad5_2", "zad5_2\zad5_2.csproj", "{0BB853CE-B4C1-457F-BB3E-08A73CB10125}"
EndProject
Project("{9A19103F-16F7-4668-BE54-9A1E7A4F7556}") = "zad5_3", "zad5_3\zad5_3.csproj", "{D7407CF3-EABB-499B-8301-8BCF1280725E}"
EndProject
Project("{9A19103F-16F7-4668-BE54-9A1E7A4F7556}") = "zad5_4", "zad5_4\zad5_4.csproj", "{3EFCC2DD-AAC4-4F0E-A946-28317EE55F88}"
EndProject
Project("{9A19103F-16F7-4668-BE54-9A1E7A4F7556}") = "zad5_5", "zad5_5\zad5_5.csproj", "{E79991E0-A55C-45EC-BBC4-80CC2F223692}"
EndProject
Project("{9A19103F-16F7-4668-BE54-9A1E7A4F7556}") = "zad5.6", "zad5.6\zad5.6.csproj", "{A2C59784-8DFD-4EF7-B665-1C06D17B85B5}"
EndProject
Project("{9A19103F-16F7-4668-BE54-9A1E7A4F7556}") = "zad5_7", "zad5_7\zad5_7.csproj", "{895CFBA3-A39E-4CD7-883B-3A0EEB0367EC}"
EndProject
Project("{9A19103F-16F7-4668-BE54-9A1E7A4F7556}") = "zad5_8", "zad5_8\zad5_8.csproj", "{E028ECF9-54CC-4C85-9DEC-EDB4F740FECF}"
EndProject
Project("{FAE04EC0-301F-11D3-BF4B-00C04F79EFBC}") = "zad5_9", "zad5_9\zad5_9.csproj", "{0CC52542-6982-4CBF-A0C0-E411607C9AB6}"
EndProject
Global
	GlobalSection(SolutionConfigurationPlatforms) = preSolution
		Debug|Any CPU = Debug|Any CPU
		Release|Any CPU = Release|Any CPU
	EndGlobalSection
	GlobalSection(ProjectConfigurationPlatforms) = postSolution
		{B8321E70-5893-4BC5-9392-DE4552E7EC60}.Debug|Any CPU.ActiveCfg = Debug|Any CPU
		{B8321E70-5893-4BC5-9392-DE4552E7EC60}.Debug|Any CPU.Build.0 = Debug|Any CPU
		{B8321E70-5893-4BC5-9392-DE4552E7EC60}.Release|Any CPU.ActiveCfg = Release|Any CPU
		{B8321E70-5893-4BC5-9392-DE4552E7EC60}.Release|Any CPU.Build.0 = Release|Any CPU
		{9F497F7D-AEAD-4BE2-9C78-B9EE5C63F9A3}.Debug|Any CPU.ActiveCfg = Debug|Any CPU
		{9F497F7D-AEAD-4BE2-9C78-B9EE5C63F9A3}.Debug|Any CPU.Build.0 = Debug|Any CPU
		{9F497F7D-AEAD-4BE2-9C78-B9EE5C63F9A3}.Release|Any CPU.ActiveCfg = Release|Any CPU
		{9F497F7D-AEAD-4BE2-9C78-B9EE5C63F9A3}.Release|Any CPU.Build.0 = Release|Any CPU
		{D68FD127-8495-4A13-93D0-FF9269B62F52}.Debug|Any CPU.ActiveCfg = Debug|Any CPU
		{D68FD127-8495-4A13-93D0-FF9269B62F52}.Debug|Any CPU.Build.0 = Debug|Any CPU
		{D68FD127-8495-4A13-93D0-FF9269B62F52}.Release|Any CPU.ActiveCfg = Release|Any CPU
		{D68FD127-8495-4A13-93D0-FF9269B62F52}.Release|Any CPU.Build.0 = Release|Any CPU
		{5DD98515-3746-4D4C-AF58-9C47CD342DC4}.Debug|Any CPU.ActiveCfg = Debug|Any CPU
		{5DD98515-3746-4D4C-AF58-9C47CD342DC4}.Debug|Any CPU.Build.0 = Debug|Any CPU
		{5DD98515-3746-4D4C-AF58-9C47CD342DC4}.Release|Any CPU.ActiveCfg = Release|Any CPU
		{5DD98515-3746-4D4C-AF58-9C47CD342DC4}.Release|Any CPU.Build.0 = Release|Any CPU
		{4F429B20-AB10-40F9-AEA7-841F3193D70B}.Debug|Any CPU.ActiveCfg = Debug|Any CPU
		{4F429B20-AB10-40F9-AEA7-841F3193D70B}.Debug|Any CPU.Build.0 = Debug|Any CPU
		{4F429B20-AB10-40F9-AEA7-841F3193D70B}.Release|Any CPU.ActiveCfg = Release|Any CPU
		{4F429B20-AB10-40F9-AEA7-841F3193D70B}.Release|Any CPU.Build.0 = Release|Any CPU
		{3DF4FCEB-1B1B-4DEC-ADDA-64E196BA1E24}.Debug|Any CPU.ActiveCfg = Debug|Any CPU
		{3DF4FCEB-1B1B-4DEC-ADDA-64E196BA1E24}.Debug|Any CPU.Build.0 = Debug|Any CPU
		{3DF4FCEB-1B1B-4DEC-ADDA-64E196BA1E24}.Release|Any CPU.ActiveCfg = Release|Any CPU
		{3DF4FCEB-1B1B-4DEC-ADDA-64E196BA1E24}.Release|Any CPU.Build.0 = Release|Any CPU
		{08A2624F-66AB-4A01-8F0A-C0A19F2BDEA7}.Debug|Any CPU.ActiveCfg = Debug|Any CPU
		{08A2624F-66AB-4A01-8F0A-C0A19F2BDEA7}.Debug|Any CPU.Build.0 = Debug|Any CPU
		{08A2624F-66AB-4A01-8F0A-C0A19F2BDEA7}.Release|Any CPU.ActiveCfg = Release|Any CPU
		{08A2624F-66AB-4A01-8F0A-C0A19F2BDEA7}.Release|Any CPU.Build.0 = Release|Any CPU
		{2A9E0A1D-4A58-4C40-8AF6-273697C55338}.Debug|Any CPU.ActiveCfg = Debug|Any CPU
		{2A9E0A1D-4A58-4C40-8AF6-273697C55338}.Debug|Any CPU.Build.0 = Debug|Any CPU
		{2A9E0A1D-4A58-4C40-8AF6-273697C55338}.Release|Any CPU.ActiveCfg = Release|Any CPU
		{2A9E0A1D-4A58-4C40-8AF6-273697C55338}.Release|Any CPU.Build.0 = Release|Any CPU
		{A0723356-EB5F-4DBE-976D-E5B0EDBBE96E}.Debug|Any CPU.ActiveCfg = Debug|Any CPU
		{A0723356-EB5F-4DBE-976D-E5B0EDBBE96E}.Debug|Any CPU.Build.0 = Debug|Any CPU
		{A0723356-EB5F-4DBE-976D-E5B0EDBBE96E}.Release|Any CPU.ActiveCfg = Release|Any CPU
		{A0723356-EB5F-4DBE-976D-E5B0EDBBE96E}.Release|Any CPU.Build.0 = Release|Any CPU
		{D153370D-D1FD-4EE3-9E00-82CCAF205AEC}.Debug|Any CPU.ActiveCfg = Debug|Any CPU
		{D153370D-D1FD-4EE3-9E00-82CCAF205AEC}.Debug|Any CPU.Build.0 = Debug|Any CPU
		{D153370D-D1FD-4EE3-9E00-82CCAF205AEC}.Release|Any CPU.ActiveCfg = Release|Any CPU
		{D153370D-D1FD-4EE3-9E00-82CCAF205AEC}.Release|Any CPU.Build.0 = Release|Any CPU
		{5660C835-B1DB-4131-B861-5873C0494CFB}.Debug|Any CPU.ActiveCfg = Debug|Any CPU
		{5660C835-B1DB-4131-B861-5873C0494CFB}.Debug|Any CPU.Build.0 = Debug|Any CPU
		{5660C835-B1DB-4131-B861-5873C0494CFB}.Release|Any CPU.ActiveCfg = Release|Any CPU
		{5660C835-B1DB-4131-B861-5873C0494CFB}.Release|Any CPU.Build.0 = Release|Any CPU
		{01CF1F37-D972-4284-A0F8-F181C7ACB662}.Debug|Any CPU.ActiveCfg = Debug|Any CPU
		{01CF1F37-D972-4284-A0F8-F181C7ACB662}.Debug|Any CPU.Build.0 = Debug|Any CPU
		{01CF1F37-D972-4284-A0F8-F181C7ACB662}.Release|Any CPU.ActiveCfg = Release|Any CPU
		{01CF1F37-D972-4284-A0F8-F181C7ACB662}.Release|Any CPU.Build.0 = Release|Any CPU
		{0BB853CE-B4C1-457F-BB3E-08A73CB10125}.Debug|Any CPU.ActiveCfg = Debug|Any CPU
		{0BB853CE-B4C1-457F-BB3E-08A73CB10125}.Debug|Any CPU.Build.0 = Debug|Any CPU
		{0BB853CE-B4C1-457F-BB3E-08A73CB10125}.Release|Any CPU.ActiveCfg = Release|Any CPU
		{0BB853CE-B4C1-457F-BB3E-08A73CB10125}.Release|Any CPU.Build.0 = Release|Any CPU
		{D7407CF3-EABB-499B-8301-8BCF1280725E}.Debug|Any CPU.ActiveCfg = Debug|Any CPU
		{D7407CF3-EABB-499B-8301-8BCF1280725E}.Debug|Any CPU.Build.0 = Debug|Any CPU
		{D7407CF3-EABB-499B-8301-8BCF1280725E}.Release|Any CPU.ActiveCfg = Release|Any CPU
		{D7407CF3-EABB-499B-8301-8BCF1280725E}.Release|Any CPU.Build.0 = Release|Any CPU
		{3EFCC2DD-AAC4-4F0E-A946-28317EE55F88}.Debug|Any CPU.ActiveCfg = Debug|Any CPU
		{3EFCC2DD-AAC4-4F0E-A946-28317EE55F88}.Debug|Any CPU.Build.0 = Debug|Any CPU
		{3EFCC2DD-AAC4-4F0E-A946-28317EE55F88}.Release|Any CPU.ActiveCfg = Release|Any CPU
		{3EFCC2DD-AAC4-4F0E-A946-28317EE55F88}.Release|Any CPU.Build.0 = Release|Any CPU
		{E79991E0-A55C-45EC-BBC4-80CC2F223692}.Debug|Any CPU.ActiveCfg = Debug|Any CPU
		{E79991E0-A55C-45EC-BBC4-80CC2F223692}.Debug|Any CPU.Build.0 = Debug|Any CPU
		{E79991E0-A55C-45EC-BBC4-80CC2F223692}.Release|Any CPU.ActiveCfg = Release|Any CPU
		{E79991E0-A55C-45EC-BBC4-80CC2F223692}.Release|Any CPU.Build.0 = Release|Any CPU
		{A2C59784-8DFD-4EF7-B665-1C06D17B85B5}.Debug|Any CPU.ActiveCfg = Debug|Any CPU
		{A2C59784-8DFD-4EF7-B665-1C06D17B85B5}.Debug|Any CPU.Build.0 = Debug|Any CPU
		{A2C59784-8DFD-4EF7-B665-1C06D17B85B5}.Release|Any CPU.ActiveCfg = Release|Any CPU
		{A2C59784-8DFD-4EF7-B665-1C06D17B85B5}.Release|Any CPU.Build.0 = Release|Any CPU
		{895CFBA3-A39E-4CD7-883B-3A0EEB0367EC}.Debug|Any CPU.ActiveCfg = Debug|Any CPU
		{895CFBA3-A39E-4CD7-883B-3A0EEB0367EC}.Debug|Any CPU.Build.0 = Debug|Any CPU
		{895CFBA3-A39E-4CD7-883B-3A0EEB0367EC}.Release|Any CPU.ActiveCfg = Release|Any CPU
		{895CFBA3-A39E-4CD7-883B-3A0EEB0367EC}.Release|Any CPU.Build.0 = Release|Any CPU
		{E028ECF9-54CC-4C85-9DEC-EDB4F740FECF}.Debug|Any CPU.ActiveCfg = Debug|Any CPU
		{E028ECF9-54CC-4C85-9DEC-EDB4F740FECF}.Debug|Any CPU.Build.0 = Debug|Any CPU
		{E028ECF9-54CC-4C85-9DEC-EDB4F740FECF}.Release|Any CPU.ActiveCfg = Release|Any CPU
		{E028ECF9-54CC-4C85-9DEC-EDB4F740FECF}.Release|Any CPU.Build.0 = Release|Any CPU
		{0CC52542-6982-4CBF-A0C0-E411607C9AB6}.Debug|Any CPU.ActiveCfg = Debug|Any CPU
		{0CC52542-6982-4CBF-A0C0-E411607C9AB6}.Debug|Any CPU.Build.0 = Debug|Any CPU
		{0CC52542-6982-4CBF-A0C0-E411607C9AB6}.Release|Any CPU.ActiveCfg = Release|Any CPU
		{0CC52542-6982-4CBF-A0C0-E411607C9AB6}.Release|Any CPU.Build.0 = Release|Any CPU
	EndGlobalSection
	GlobalSection(SolutionProperties) = preSolution
		HideSolutionNode = FALSE
	EndGlobalSection
	GlobalSection(ExtensibilityGlobals) = postSolution
		SolutionGuid = {CF50EBED-5811-4676-8FA1-E2E9A0DEA91B}
	EndGlobalSection
EndGlobal
